
Microsoft Visual Studio Solution File, Format Version 12.00
# Visual Studio Version 17
VisualStudioVersion = 17.7.34024.191
MinimumVisualStudioVersion = 10.0.40219.1
Project("{9A19103F-16F7-4668-BE54-9A1E7A4F7556}") = "Blog", "Blog\Blog.csproj", "{0E361760-DD46-46DF-BD5D-E962A4E27C4E}"
EndProject
Project("{9A19103F-16F7-4668-BE54-9A1E7A4F7556}") = "Blog.Data", "Blog.Data\Blog.Data.csproj", "{A353DC7F-13C6-4B51-9682-93616985A36E}"
EndProject
Project("{9A19103F-16F7-4668-BE54-9A1E7A4F7556}") = "Blog.IntegrationTests", "Blog.IntegrationTests\Blog.IntegrationTests.csproj", "{106E1FC0-CFEB-4E15-AD6C-F1E3F881F178}"
EndProject
Project("{9A19103F-16F7-4668-BE54-9A1E7A4F7556}") = "Blog.UnitTests", "Blog.UnitTests\Blog.UnitTests.csproj", "{2FBC3924-CEC2-42F4-BA9E-D95177F78917}"
EndProject
Project("{FAE04EC0-301F-11D3-BF4B-00C04F79EFBC}") = "BlogAPI", "Blog.API\BlogAPI.csproj", "{5263EE3A-511C-46D6-8DC5-F48BE5FF9CEF}"
EndProject
Project("{FAE04EC0-301F-11D3-BF4B-00C04F79EFBC}") = "BlogAPI.Contracts", "Blog.API.Contracts\BlogAPI.Contracts.csproj", "{5048D6B5-2F2D-4F01-9786-636E074C0319}"
EndProject
Global
	GlobalSection(SolutionConfigurationPlatforms) = preSolution
		Debug|Any CPU = Debug|Any CPU
		Release|Any CPU = Release|Any CPU
	EndGlobalSection
	GlobalSection(ProjectConfigurationPlatforms) = postSolution
		{0E361760-DD46-46DF-BD5D-E962A4E27C4E}.Debug|Any CPU.ActiveCfg = Debug|Any CPU
		{0E361760-DD46-46DF-BD5D-E962A4E27C4E}.Debug|Any CPU.Build.0 = Debug|Any CPU
		{0E361760-DD46-46DF-BD5D-E962A4E27C4E}.Release|Any CPU.ActiveCfg = Release|Any CPU
		{0E361760-DD46-46DF-BD5D-E962A4E27C4E}.Release|Any CPU.Build.0 = Release|Any CPU
		{A353DC7F-13C6-4B51-9682-93616985A36E}.Debug|Any CPU.ActiveCfg = Debug|Any CPU
		{A353DC7F-13C6-4B51-9682-93616985A36E}.Debug|Any CPU.Build.0 = Debug|Any CPU
		{A353DC7F-13C6-4B51-9682-93616985A36E}.Release|Any CPU.ActiveCfg = Release|Any CPU
		{A353DC7F-13C6-4B51-9682-93616985A36E}.Release|Any CPU.Build.0 = Release|Any CPU
		{106E1FC0-CFEB-4E15-AD6C-F1E3F881F178}.Debug|Any CPU.ActiveCfg = Debug|Any CPU
		{106E1FC0-CFEB-4E15-AD6C-F1E3F881F178}.Debug|Any CPU.Build.0 = Debug|Any CPU
		{106E1FC0-CFEB-4E15-AD6C-F1E3F881F178}.Release|Any CPU.ActiveCfg = Release|Any CPU
		{106E1FC0-CFEB-4E15-AD6C-F1E3F881F178}.Release|Any CPU.Build.0 = Release|Any CPU
		{2FBC3924-CEC2-42F4-BA9E-D95177F78917}.Debug|Any CPU.ActiveCfg = Debug|Any CPU
		{2FBC3924-CEC2-42F4-BA9E-D95177F78917}.Debug|Any CPU.Build.0 = Debug|Any CPU
		{2FBC3924-CEC2-42F4-BA9E-D95177F78917}.Release|Any CPU.ActiveCfg = Release|Any CPU
		{2FBC3924-CEC2-42F4-BA9E-D95177F78917}.Release|Any CPU.Build.0 = Release|Any CPU
		{5263EE3A-511C-46D6-8DC5-F48BE5FF9CEF}.Debug|Any CPU.ActiveCfg = Debug|Any CPU
		{5263EE3A-511C-46D6-8DC5-F48BE5FF9CEF}.Debug|Any CPU.Build.0 = Debug|Any CPU
		{5263EE3A-511C-46D6-8DC5-F48BE5FF9CEF}.Release|Any CPU.ActiveCfg = Release|Any CPU
		{5263EE3A-511C-46D6-8DC5-F48BE5FF9CEF}.Release|Any CPU.Build.0 = Release|Any CPU
		{5048D6B5-2F2D-4F01-9786-636E074C0319}.Debug|Any CPU.ActiveCfg = Debug|Any CPU
		{5048D6B5-2F2D-4F01-9786-636E074C0319}.Debug|Any CPU.Build.0 = Debug|Any CPU
		{5048D6B5-2F2D-4F01-9786-636E074C0319}.Release|Any CPU.ActiveCfg = Release|Any CPU
		{5048D6B5-2F2D-4F01-9786-636E074C0319}.Release|Any CPU.Build.0 = Release|Any CPU
	EndGlobalSection
	GlobalSection(SolutionProperties) = preSolution
		HideSolutionNode = FALSE
	EndGlobalSection
	GlobalSection(ExtensibilityGlobals) = postSolution
		SolutionGuid = {FC4578EA-4DE6-43F7-AD06-C087F1E312A2}
	EndGlobalSection
EndGlobal
